# THIS IS AN AUTOGENERATED FILE. DO NOT EDIT THIS FILE DIRECTLY.
# yarn lockfile v1


prettier@^1.8.2:
  version "1.8.2"
  resolved "https://registry.yarnpkg.com/prettier/-/prettier-1.8.2.tgz#bff83e7fd573933c607875e5ba3abbdffb96aeb8"

uglifycss@0.0.27:
  version "0.0.27"
  resolved "https://registry.yarnpkg.com/uglifycss/-/uglifycss-0.0.27.tgz#53553b8115de26dce57b42ba0b34e88dd80d0cde"
